
Microsoft Visual Studio Solution File, Format Version 12.00
# Visual Studio 2013
VisualStudioVersion = 12.0.31101.0
MinimumVisualStudioVersion = 10.0.40219.1
Project("{FAE04EC0-301F-11D3-BF4B-00C04F79EFBC}") = "WpfApplication1", "WpfApplication1\WpfApplication1.csproj", "{4E950D5D-47E8-477B-819C-9352F0B436F3}"
EndProject
Global
	GlobalSection(SolutionConfigurationPlatforms) = preSolution
		Debug|Any CPU = Debug|Any CPU
		Release|Any CPU = Release|Any CPU
	EndGlobalSection
	GlobalSection(ProjectConfigurationPlatforms) = postSolution
		{4E950D5D-47E8-477B-819C-9352F0B436F3}.Debug|Any CPU.ActiveCfg = Debug|Any CPU
		{4E950D5D-47E8-477B-819C-9352F0B436F3}.Debug|Any CPU.Build.0 = Debug|Any CPU
		{4E950D5D-47E8-477B-819C-9352F0B436F3}.Release|Any CPU.ActiveCfg = Release|Any CPU
		{4E950D5D-47E8-477B-819C-9352F0B436F3}.Release|Any CPU.Build.0 = Release|Any CPU
	EndGlobalSection
	GlobalSection(SolutionProperties) = preSolution
		HideSolutionNode = FALSE
	EndGlobalSection
EndGlobal
